
Microsoft Visual Studio Solution File, Format Version 12.00
# Visual Studio 2013
VisualStudioVersion = 12.0.30723.0
MinimumVisualStudioVersion = 10.0.40219.1
Project("{FAE04EC0-301F-11D3-BF4B-00C04F79EFBC}") = "ReadableExpressions", "ReadableExpressions\ReadableExpressions.csproj", "{9F4A6128-B7F7-43A1-BE9B-695EE76DC1CC}"
EndProject
Project("{FAE04EC0-301F-11D3-BF4B-00C04F79EFBC}") = "ReadableExpressions.UnitTests", "ReadableExpressions.UnitTests\ReadableExpressions.UnitTests.csproj", "{A7BAC212-DA6C-4473-8043-006FF6967922}"
EndProject
Global
	GlobalSection(SolutionConfigurationPlatforms) = preSolution
		Debug|Any CPU = Debug|Any CPU
		Release|Any CPU = Release|Any CPU
	EndGlobalSection
	GlobalSection(ProjectConfigurationPlatforms) = postSolution
		{9F4A6128-B7F7-43A1-BE9B-695EE76DC1CC}.Debug|Any CPU.ActiveCfg = Debug|Any CPU
		{9F4A6128-B7F7-43A1-BE9B-695EE76DC1CC}.Debug|Any CPU.Build.0 = Debug|Any CPU
		{9F4A6128-B7F7-43A1-BE9B-695EE76DC1CC}.Release|Any CPU.ActiveCfg = Release|Any CPU
		{9F4A6128-B7F7-43A1-BE9B-695EE76DC1CC}.Release|Any CPU.Build.0 = Release|Any CPU
		{A7BAC212-DA6C-4473-8043-006FF6967922}.Debug|Any CPU.ActiveCfg = Debug|Any CPU
		{A7BAC212-DA6C-4473-8043-006FF6967922}.Debug|Any CPU.Build.0 = Debug|Any CPU
		{A7BAC212-DA6C-4473-8043-006FF6967922}.Release|Any CPU.ActiveCfg = Release|Any CPU
		{A7BAC212-DA6C-4473-8043-006FF6967922}.Release|Any CPU.Build.0 = Release|Any CPU
	EndGlobalSection
	GlobalSection(SolutionProperties) = preSolution
		HideSolutionNode = FALSE
	EndGlobalSection
EndGlobal
